
Microsoft Visual Studio Solution File, Format Version 12.00
# Visual Studio Version 16
VisualStudioVersion = 16.0.32802.440
MinimumVisualStudioVersion = 10.0.40219.1
Project("{FAE04EC0-301F-11D3-BF4B-00C04F79EFBC}") = "OSUCCMEDataImport", "OSUCCMEDataImport.csproj", "{94339FB6-8A0E-4C7D-9D7B-D421F22E0612}"
EndProject
Project("{FAE04EC0-301F-11D3-BF4B-00C04F79EFBC}") = "OldOSUDatabase", "..\OldOSUDatabase\OldOSUDatabase.csproj", "{E689782F-05BE-4203-89CE-A61F2A1DB89E}"
EndProject
Global
	GlobalSection(SolutionConfigurationPlatforms) = preSolution
		Debug|Any CPU = Debug|Any CPU
		Release|Any CPU = Release|Any CPU
	EndGlobalSection
	GlobalSection(ProjectConfigurationPlatforms) = postSolution
		{94339FB6-8A0E-4C7D-9D7B-D421F22E0612}.Debug|Any CPU.ActiveCfg = Debug|Any CPU
		{94339FB6-8A0E-4C7D-9D7B-D421F22E0612}.Debug|Any CPU.Build.0 = Debug|Any CPU
		{94339FB6-8A0E-4C7D-9D7B-D421F22E0612}.Release|Any CPU.ActiveCfg = Release|Any CPU
		{94339FB6-8A0E-4C7D-9D7B-D421F22E0612}.Release|Any CPU.Build.0 = Release|Any CPU
		{E689782F-05BE-4203-89CE-A61F2A1DB89E}.Debug|Any CPU.ActiveCfg = Debug|Any CPU
		{E689782F-05BE-4203-89CE-A61F2A1DB89E}.Debug|Any CPU.Build.0 = Debug|Any CPU
		{E689782F-05BE-4203-89CE-A61F2A1DB89E}.Release|Any CPU.ActiveCfg = Release|Any CPU
		{E689782F-05BE-4203-89CE-A61F2A1DB89E}.Release|Any CPU.Build.0 = Release|Any CPU
	EndGlobalSection
	GlobalSection(SolutionProperties) = preSolution
		HideSolutionNode = FALSE
	EndGlobalSection
	GlobalSection(ExtensibilityGlobals) = postSolution
		SolutionGuid = {955F940B-B2AC-4AEC-BEBF-41F672B765BC}
	EndGlobalSection
EndGlobal
